{
  "name": "ai-trading-blueprint",
  "version": "0.1.0",
  "lockfileVersion": 3,
  "requires": true,
  "packages": {
    "": {
      "name": "ai-trading-blueprint",
      "version": "0.1.0",
      "dependencies": {
        "@tangle-network/agent-eval": "^0.45.0",
        "@tangle-network/agent-knowledge": "^1.5.0",
        "@tangle-network/agent-runtime": "^0.25.2"
      },
      "devDependencies": {
        "@types/node": "^22.10.0",
        "typescript": "^5.6.3"
      },
      "engines": {
        "node": ">=20"
      }
    },
    "node_modules/@adraffy/ens-normalize": {
      "version": "1.11.1",
      "resolved": "https://registry.npmjs.org/@adraffy/ens-normalize/-/ens-normalize-1.11.1.tgz",
      "integrity": "sha512-nhCBV3quEgesuf7c7KYfperqSS14T8bYuvJ8PcLJp6znkZpFc0AuW4qBtr8eKVyPPe/8RSr7sglCWPU5eaxwKQ==",
      "license": "MIT"
    },
    "node_modules/@asteasolutions/zod-to-openapi": {
      "version": "8.5.0",
      "resolved": "https://registry.npmjs.org/@asteasolutions/zod-to-openapi/-/zod-to-openapi-8.5.0.tgz",
      "integrity": "sha512-SABbKiObg5dLRiTFnqiW1WWwGcg1BJfmHtT2asIBnBHg6Smy/Ms2KHc650+JI4Hw7lSkdiNebEGXpwoxfben8Q==",
      "license": "MIT",
      "dependencies": {
        "openapi3-ts": "^4.1.2"
      },
      "peerDependencies": {
        "zod": "^4.0.0"
      }
    },
    "node_modules/@ax-llm/ax": {
      "version": "19.0.45",
      "resolved": "https://registry.npmjs.org/@ax-llm/ax/-/ax-19.0.45.tgz",
      "integrity": "sha512-zC/OqUutTV0omOuAxBgeCihmxP3e1eUcbA78FCaMF3pPXZ3/FgQDZf0R04LH/lVIxm5BH4/qDdNNYcIVGwii8Q==",
      "hasInstallScript": true,
      "license": "Apache-2.0",
      "dependencies": {
        "@opentelemetry/api": "^1.9.0",
        "dayjs": "^1.11.13"
      },
      "bin": {
        "ax": "cli/index.mjs"
      },
      "peerDependencies": {
        "zod": "^3.24.0 || ^4.0.0"
      },
      "peerDependenciesMeta": {
        "zod": {
          "optional": true
        }
      }
    },
    "node_modules/@hono/node-server": {
      "version": "2.0.4",
      "resolved": "https://registry.npmjs.org/@hono/node-server/-/node-server-2.0.4.tgz",
      "integrity": "sha512-Ut3y0dMMPWy6bZ2kVfx25EOVbZlm15dhF4mOsezMlhpNHy+4MkU1qN9Y6lnruYi4wPmFzimGX2X7LF/FwHli4A==",
      "license": "MIT",
      "engines": {
        "node": ">=20"
      },
      "peerDependencies": {
        "hono": "^4"
      }
    },
    "node_modules/@noble/ciphers": {
      "version": "1.3.0",
      "resolved": "https://registry.npmjs.org/@noble/ciphers/-/ciphers-1.3.0.tgz",
      "integrity": "sha512-2I0gnIVPtfnMw9ee9h1dJG7tp81+8Ob3OJb3Mv37rx5L40/b0i7djjCVvGOVqc9AEIQyvyu1i6ypKdFw8R8gQw==",
      "license": "MIT",
      "engines": {
        "node": "^14.21.3 || >=16"
      },
      "funding": {
        "url": "https://paulmillr.com/funding/"
      }
    },
    "node_modules/@noble/curves": {
      "version": "2.2.0",
      "resolved": "https://registry.npmjs.org/@noble/curves/-/curves-2.2.0.tgz",
      "integrity": "sha512-T/BoHgFXirb0ENSPBquzX0rcjXeM6Lo892a2jlYJkqk83LqZx0l1Of7DzlKJ6jkpvMrkHSnAcgb5JegL8SeIkQ==",
      "license": "MIT",
      "dependencies": {
        "@noble/hashes": "2.2.0"
      },
      "engines": {
        "node": ">= 20.19.0"
      },
      "funding": {
        "url": "https://paulmillr.com/funding/"
      }
    },
    "node_modules/@noble/hashes": {
      "version": "2.2.0",
      "resolved": "https://registry.npmjs.org/@noble/hashes/-/hashes-2.2.0.tgz",
      "integrity": "sha512-IYqDGiTXab6FniAgnSdZwgWbomxpy9FtYvLKs7wCUs2a8RkITG+DFGO1DM9cr+E3/RgADRpFjrKVaJ1z6sjtEg==",
      "license": "MIT",
      "engines": {
        "node": ">= 20.19.0"
      },
      "funding": {
        "url": "https://paulmillr.com/funding/"
      }
    },
    "node_modules/@opentelemetry/api": {
      "version": "1.9.1",
      "resolved": "https://registry.npmjs.org/@opentelemetry/api/-/api-1.9.1.tgz",
      "integrity": "sha512-gLyJlPHPZYdAk1JENA9LeHejZe1Ti77/pTeFm/nMXmQH/HFZlcS/O2XJB+L8fkbrNSqhdtlvjBVjxwUYanNH5Q==",
      "license": "Apache-2.0",
      "engines": {
        "node": ">=8.0.0"
      }
    },
    "node_modules/@scure/base": {
      "version": "2.2.0",
      "resolved": "https://registry.npmjs.org/@scure/base/-/base-2.2.0.tgz",
      "integrity": "sha512-b8XEupJibegiXV+tDUseI8oLQc8ei3d/4Jkb2RpbHh3MfE054ov3uIz2dhFkB3FI8iwYkEh0gGCApkrYggkPNg==",
      "license": "MIT",
      "funding": {
        "url": "https://paulmillr.com/funding/"
      }
    },
    "node_modules/@scure/bip32": {
      "version": "2.2.0",
      "resolved": "https://registry.npmjs.org/@scure/bip32/-/bip32-2.2.0.tgz",
      "integrity": "sha512-zFr7t2F+a9+5tB7QbarF2HQNYrgjCNaoLAupZdKkrFMYMozJf5zqH2WJCQibMzm1qQ0QogrxVGO3qXfQDYMaQg==",
      "license": "MIT",
      "dependencies": {
        "@noble/curves": "2.2.0",
        "@noble/hashes": "2.2.0",
        "@scure/base": "2.2.0"
      },
      "funding": {
        "url": "https://paulmillr.com/funding/"
      }
    },
    "node_modules/@scure/bip39": {
      "version": "2.2.0",
      "resolved": "https://registry.npmjs.org/@scure/bip39/-/bip39-2.2.0.tgz",
      "integrity": "sha512-T/Bj/YvYMNkIPq6EENO6/rcs2e7qTNuyoUXf0KBFDmp0ZDu0H2X4Lq6yC3i0c8PcWkov5EbW+yQZZbdMmk154A==",
      "license": "MIT",
      "dependencies": {
        "@noble/hashes": "2.2.0",
        "@scure/base": "2.2.0"
      },
      "funding": {
        "url": "https://paulmillr.com/funding/"
      }
    },
    "node_modules/@tangle-network/agent-eval": {
      "version": "0.45.0",
      "resolved": "https://registry.npmjs.org/@tangle-network/agent-eval/-/agent-eval-0.45.0.tgz",
      "integrity": "sha512-P+Ne5qz1hpdwZGI3JfnS7CV9LtS5HCeBaLcBhW6PJbKjkED4DxtC7uDpvN/6+DWQIUv4wCVJf/wsMDqJViCzqw==",
      "license": "MIT",
      "dependencies": {
        "@asteasolutions/zod-to-openapi": "^8.5.0",
        "@ax-llm/ax": "^19.0.25",
        "@hono/node-server": "^2.0.0",
        "@tangle-network/tcloud": "^0.4.6",
        "hono": "^4.12.16",
        "zod": "^4.3.6"
      },
      "bin": {
        "agent-eval": "dist/cli.js"
      },
      "engines": {
        "node": ">=20"
      },
      "peerDependencies": {
        "@tangle-network/agent-runtime": ">=0.21.0 <0.26.0",
        "@tangle-network/sandbox": ">=0.2.1 <0.4.0"
      },
      "peerDependenciesMeta": {
        "@tangle-network/agent-runtime": {
          "optional": true
        },
        "@tangle-network/sandbox": {
          "optional": true
        }
      }
    },
    "node_modules/@tangle-network/agent-integrations": {
      "version": "0.25.7",
      "resolved": "https://registry.npmjs.org/@tangle-network/agent-integrations/-/agent-integrations-0.25.7.tgz",
      "integrity": "sha512-5Iuymcoq6d1oZlyORfmVXiP2G/tJQe0ADYBUNwDlbk9uulSa3c6rztlr6sKm100NqDavVlJ0Jo75j9CsaemhIA==",
      "license": "MIT",
      "bin": {
        "tangle-catalog-runtime": "dist/bin/tangle-catalog-runtime.js"
      },
      "engines": {
        "node": ">=20"
      }
    },
    "node_modules/@tangle-network/agent-knowledge": {
      "version": "1.5.0",
      "resolved": "https://registry.npmjs.org/@tangle-network/agent-knowledge/-/agent-knowledge-1.5.0.tgz",
      "integrity": "sha512-C2jU62Nx6CbjkVKsvsd2xFaanQlwghVYWX8G/g/B+3PJTf5G83e3pvEmHDy5ETnLamIEZRiRks5RG3v1t8LEUQ==",
      "license": "MIT",
      "dependencies": {
        "@tangle-network/agent-eval": "^0.42.0",
        "@tangle-network/agent-runtime": "^0.25.0",
        "@tangle-network/sandbox": "^0.2.1",
        "zod": "^4.3.6"
      },
      "bin": {
        "agent-knowledge": "dist/cli.js"
      },
      "engines": {
        "node": ">=20"
      }
    },
    "node_modules/@tangle-network/agent-knowledge/node_modules/@tangle-network/agent-eval": {
      "version": "0.42.0",
      "resolved": "https://registry.npmjs.org/@tangle-network/agent-eval/-/agent-eval-0.42.0.tgz",
      "integrity": "sha512-gJFT1Vm5LYDHtIF0BUqGq6i3Qa9IvFr3EvTfAE1CYjErFNl3TohL1sduJqj1GXIhDbswVVuWp5qaahHZHaIsbA==",
      "license": "MIT",
      "dependencies": {
        "@asteasolutions/zod-to-openapi": "^8.5.0",
        "@ax-llm/ax": "^19.0.25",
        "@hono/node-server": "^2.0.0",
        "@tangle-network/tcloud": "^0.4.6",
        "hono": "^4.12.16",
        "zod": "^4.3.6"
      },
      "bin": {
        "agent-eval": "dist/cli.js"
      },
      "engines": {
        "node": ">=20"
      },
      "peerDependencies": {
        "@tangle-network/agent-runtime": "^0.21.0",
        "@tangle-network/sandbox": "^0.2.1"
      },
      "peerDependenciesMeta": {
        "@tangle-network/agent-runtime": {
          "optional": true
        },
        "@tangle-network/sandbox": {
          "optional": true
        }
      }
    },
    "node_modules/@tangle-network/agent-runtime": {
      "version": "0.25.2",
      "resolved": "https://registry.npmjs.org/@tangle-network/agent-runtime/-/agent-runtime-0.25.2.tgz",
      "integrity": "sha512-/HSrfr1kyW5wjLApudXQ4CcvjsZaxYtGXp6R6i0MdVoCVmZ6XBewKoVv1QGs+k0i8fUYrdEfh48cvGnrGOaQZQ==",
      "license": "MIT",
      "peer": true,
      "dependencies": {
        "@tangle-network/agent-eval": "^0.40.2"
      },
      "bin": {
        "agent-runtime-mcp": "dist/mcp/bin.js"
      },
      "engines": {
        "node": ">=20"
      },
      "peerDependencies": {
        "@tangle-network/agent-knowledge": ">=1.3.0 <2.0.0",
        "@tangle-network/sandbox": ">=0.1.2 <0.4.0"
      },
      "peerDependenciesMeta": {
        "@tangle-network/agent-knowledge": {
          "optional": true
        },
        "@tangle-network/sandbox": {
          "optional": true
        }
      }
    },
    "node_modules/@tangle-network/agent-runtime/node_modules/@tangle-network/agent-eval": {
      "version": "0.40.5",
      "resolved": "https://registry.npmjs.org/@tangle-network/agent-eval/-/agent-eval-0.40.5.tgz",
      "integrity": "sha512-ew27fDkzvYcM/3/u6Jx1HGS3/bPoIWAXKGa/2XlOro2hBwMA/h37SAHg4ytUDMd2M0mAKQAAanUxnHfkt/aklw==",
      "license": "MIT",
      "dependencies": {
        "@asteasolutions/zod-to-openapi": "^8.5.0",
        "@ax-llm/ax": "^19.0.25",
        "@hono/node-server": "^2.0.0",
        "@tangle-network/tcloud": "^0.4.6",
        "hono": "^4.12.16",
        "zod": "^4.3.6"
      },
      "bin": {
        "agent-eval": "dist/cli.js"
      },
      "engines": {
        "node": ">=20"
      },
      "peerDependencies": {
        "@tangle-network/agent-runtime": "^0.21.0",
        "@tangle-network/sandbox": "^0.2.1"
      },
      "peerDependenciesMeta": {
        "@tangle-network/agent-runtime": {
          "optional": true
        },
        "@tangle-network/sandbox": {
          "optional": true
        }
      }
    },
    "node_modules/@tangle-network/agent-runtime/node_modules/@tangle-network/agent-runtime": {
      "version": "0.21.1",
      "resolved": "https://registry.npmjs.org/@tangle-network/agent-runtime/-/agent-runtime-0.21.1.tgz",
      "integrity": "sha512-Qh7TG6Pg25qUzsByblVvzBDfzq5K7isSZ3I/LhOzMgE2dBmrS4AjozPaQ6/zMoAy5kg+sZhJXUuXDiAjlBoTyg==",
      "license": "MIT",
      "optional": true,
      "dependencies": {
        "@tangle-network/agent-eval": "^0.33.1"
      },
      "bin": {
        "agent-runtime-mcp": "dist/mcp/bin.js"
      },
      "engines": {
        "node": ">=20"
      },
      "peerDependencies": {
        "@tangle-network/agent-knowledge": ">=1.3.0 <2.0.0",
        "@tangle-network/sandbox": ">=0.1.2 <0.3.0"
      },
      "peerDependenciesMeta": {
        "@tangle-network/agent-knowledge": {
          "optional": true
        }
      }
    },
    "node_modules/@tangle-network/agent-runtime/node_modules/@tangle-network/agent-runtime/node_modules/@tangle-network/agent-eval": {
      "version": "0.33.1",
      "resolved": "https://registry.npmjs.org/@tangle-network/agent-eval/-/agent-eval-0.33.1.tgz",
      "integrity": "sha512-VAbg1UkC480Xzfi2jqiFMQLYykWvDMO47UHx4bb2rOeiogN1zzM10kPst3OotM+k1B2lbu51uoVnKDBnqK8zcw==",
      "license": "MIT",
      "optional": true,
      "dependencies": {
        "@asteasolutions/zod-to-openapi": "^8.5.0",
        "@ax-llm/ax": "^19.0.25",
        "@hono/node-server": "^2.0.0",
        "@tangle-network/tcloud": "^0.4.6",
        "hono": "^4.12.16",
        "zod": "^4.3.6"
      },
      "bin": {
        "agent-eval": "dist/cli.js"
      },
      "engines": {
        "node": ">=20"
      }
    },
    "node_modules/@tangle-network/sandbox": {
      "version": "0.2.1",
      "resolved": "https://registry.npmjs.org/@tangle-network/sandbox/-/sandbox-0.2.1.tgz",
      "integrity": "sha512-CQ3MdfnWcdjKa2UzyqDkjJarhkVDl4GqAKRhbQdHmHccl/pOm6qSRiPdu40XEA34A/SVPLpfE1ySxchU1rq6BQ==",
      "license": "MIT",
      "peer": true,
      "dependencies": {
        "@tangle-network/agent-integrations": "0.25.7"
      },
      "peerDependencies": {
        "openai": "^6.36.0",
        "viem": "^2.0.0"
      },
      "peerDependenciesMeta": {
        "openai": {
          "optional": true
        },
        "viem": {
          "optional": true
        }
      }
    },
    "node_modules/@tangle-network/tcloud": {
      "version": "0.4.6",
      "resolved": "https://registry.npmjs.org/@tangle-network/tcloud/-/tcloud-0.4.6.tgz",
      "integrity": "sha512-ABjo9CBvFmKlEMWGazY7nPOlCI0lXa9nuM+qmVEa3RXLy+0q0RT33mA6ekqjA4Ieb8irym93uAan5P/iwdmxXg==",
      "license": "Apache-2.0",
      "dependencies": {
        "@scure/bip32": "^2.2.0",
        "@scure/bip39": "^2.2.0",
        "@tangle-network/sandbox": "^0.1.2",
        "@tangle-network/tcloud-attestation": "^0.1.1",
        "commander": "^14.0.3",
        "viem": "^2.48.4"
      },
      "bin": {
        "tcloud": "dist/cli.js"
      },
      "engines": {
        "node": ">=18"
      }
    },
    "node_modules/@tangle-network/tcloud-attestation": {
      "version": "0.1.1",
      "resolved": "https://registry.npmjs.org/@tangle-network/tcloud-attestation/-/tcloud-attestation-0.1.1.tgz",
      "integrity": "sha512-+TAF9s5t1jOWGyGHvKhIWe2FYmG7puVaxmmg0Et67ylAjGa7GqUAvISXGjG/6dzld7A170V0kQHK0WVdh2Wh0Q==",
      "license": "Apache-2.0",
      "engines": {
        "node": ">=18"
      }
    },
    "node_modules/@tangle-network/tcloud/node_modules/@tangle-network/sandbox": {
      "version": "0.1.2",
      "resolved": "https://registry.npmjs.org/@tangle-network/sandbox/-/sandbox-0.1.2.tgz",
      "integrity": "sha512-6TPH9QgCgou9Bhc1kzLNL4/PRiT1mjId6NONY5Le/KT2kh77cXH8KN3TTY/cU+/eW+WM5FYJOy32FWl2HShXbw==",
      "license": "MIT",
      "peerDependencies": {
        "viem": "^2.0.0"
      },
      "peerDependenciesMeta": {
        "viem": {
          "optional": true
        }
      }
    },
    "node_modules/@types/node": {
      "version": "22.19.19",
      "resolved": "https://registry.npmjs.org/@types/node/-/node-22.19.19.tgz",
      "integrity": "sha512-dyh/xO2Fh5bYrfWaaqGrRQQGkNdmYw6AmaAUvYeUMNTWQtvb796ikLdmTchRmOlOiIJ1TDXfWgVx1QkUlQ6Hew==",
      "dev": true,
      "license": "MIT",
      "dependencies": {
        "undici-types": "~6.21.0"
      }
    },
    "node_modules/abitype": {
      "version": "1.2.3",
      "resolved": "https://registry.npmjs.org/abitype/-/abitype-1.2.3.tgz",
      "integrity": "sha512-Ofer5QUnuUdTFsBRwARMoWKOH1ND5ehwYhJ3OJ/BQO+StkwQjHw0XyVh4vDttzHB7QOFhPHa/o413PJ82gU/Tg==",
      "license": "MIT",
      "funding": {
        "url": "https://github.com/sponsors/wevm"
      },
      "peerDependencies": {
        "typescript": ">=5.0.4",
        "zod": "^3.22.0 || ^4.0.0"
      },
      "peerDependenciesMeta": {
        "typescript": {
          "optional": true
        },
        "zod": {
          "optional": true
        }
      }
    },
    "node_modules/commander": {
      "version": "14.0.3",
      "resolved": "https://registry.npmjs.org/commander/-/commander-14.0.3.tgz",
      "integrity": "sha512-H+y0Jo/T1RZ9qPP4Eh1pkcQcLRglraJaSLoyOtHxu6AapkjWVCy2Sit1QQ4x3Dng8qDlSsZEet7g5Pq06MvTgw==",
      "license": "MIT",
      "engines": {
        "node": ">=20"
      }
    },
    "node_modules/dayjs": {
      "version": "1.11.21",
      "resolved": "https://registry.npmjs.org/dayjs/-/dayjs-1.11.21.tgz",
      "integrity": "sha512-98IT+HOahAisibz/yjKbzuOBwYcjJ7BCLPzARyHiyEBmRz4fatF+KPJszEHXsGYjUG234aH/cOjW1wwTbKUZlA==",
      "license": "MIT"
    },
    "node_modules/eventemitter3": {
      "version": "5.0.1",
      "resolved": "https://registry.npmjs.org/eventemitter3/-/eventemitter3-5.0.1.tgz",
      "integrity": "sha512-GWkBvjiSZK87ELrYOSESUYeVIc9mvLLf/nXalMOS5dYrgZq9o5OVkbZAVM06CVxYsCwH9BDZFPlQTlPA1j4ahA==",
      "license": "MIT"
    },
    "node_modules/hono": {
      "version": "4.12.23",
      "resolved": "https://registry.npmjs.org/hono/-/hono-4.12.23.tgz",
      "integrity": "sha512-eIaZ9qDgu7XV0pxOCrg7/WhnQ6Ivm22UcxhXx/A3dcbqbbYgBEkc6e/J/s7j2tS96zoB0S9VBdLwQNCWwUo4LA==",
      "license": "MIT",
      "peer": true,
      "engines": {
        "node": ">=16.9.0"
      }
    },
    "node_modules/isows": {
      "version": "1.0.7",
      "resolved": "https://registry.npmjs.org/isows/-/isows-1.0.7.tgz",
      "integrity": "sha512-I1fSfDCZL5P0v33sVqeTDSpcstAg/N+wF5HS033mogOVIp4B+oHC7oOCsA3axAbBSGTJ8QubbNmnIRN/h8U7hg==",
      "funding": [
        {
          "type": "github",
          "url": "https://github.com/sponsors/wevm"
        }
      ],
      "license": "MIT",
      "peerDependencies": {
        "ws": "*"
      }
    },
    "node_modules/openapi3-ts": {
      "version": "4.5.0",
      "resolved": "https://registry.npmjs.org/openapi3-ts/-/openapi3-ts-4.5.0.tgz",
      "integrity": "sha512-jaL+HgTq2Gj5jRcfdutgRGLosCy/hT8sQf6VOy+P+g36cZOjI1iukdPnijC+4CmeRzg/jEllJUboEic2FhxhtQ==",
      "license": "MIT",
      "dependencies": {
        "yaml": "^2.8.0"
      }
    },
    "node_modules/ox": {
      "version": "0.14.26-386a343.0",
      "resolved": "https://pkg.pr.new/ox@386a3439fe1ce76d237930f8c6e6bb493746069a",
      "integrity": "sha512-OHHm9re1yVjiMN66GZ2JSGuqmvJPrk40zh3PIS/3I6prZLbt6U/zKlgW18eIIkO0Y/ZyySKr6D/4mUXjBmky1g==",
      "funding": [
        {
          "type": "github",
          "url": "https://github.com/sponsors/wevm"
        }
      ],
      "license": "MIT",
      "dependencies": {
        "@adraffy/ens-normalize": "^1.11.0",
        "@noble/ciphers": "^1.3.0",
        "@noble/curves": "1.9.1",
        "@noble/hashes": "^1.8.0",
        "@scure/bip32": "^1.7.0",
        "@scure/bip39": "^1.6.0",
        "abitype": "^1.2.3",
        "eventemitter3": "5.0.1"
      },
      "peerDependencies": {
        "typescript": ">=5.4.0"
      },
      "peerDependenciesMeta": {
        "typescript": {
          "optional": true
        }
      }
    },
    "node_modules/ox/node_modules/@noble/curves": {
      "version": "1.9.1",
      "resolved": "https://registry.npmjs.org/@noble/curves/-/curves-1.9.1.tgz",
      "integrity": "sha512-k11yZxZg+t+gWvBbIswW0yoJlu8cHOC7dhunwOzoWH/mXGBiYyR4YY6hAEK/3EUs4UpB8la1RfdRpeGsFHkWsA==",
      "license": "MIT",
      "dependencies": {
        "@noble/hashes": "1.8.0"
      },
      "engines": {
        "node": "^14.21.3 || >=16"
      },
      "funding": {
        "url": "https://paulmillr.com/funding/"
      }
    },
    "node_modules/ox/node_modules/@noble/hashes": {
      "version": "1.8.0",
      "resolved": "https://registry.npmjs.org/@noble/hashes/-/hashes-1.8.0.tgz",
      "integrity": "sha512-jCs9ldd7NwzpgXDIf6P3+NrHh9/sD6CQdxHyjQI+h/6rDNo88ypBxxz45UDuZHz9r3tNz7N/VInSVoVdtXEI4A==",
      "license": "MIT",
      "engines": {
        "node": "^14.21.3 || >=16"
      },
      "funding": {
        "url": "https://paulmillr.com/funding/"
      }
    },
    "node_modules/ox/node_modules/@scure/base": {
      "version": "1.2.6",
      "resolved": "https://registry.npmjs.org/@scure/base/-/base-1.2.6.tgz",
      "integrity": "sha512-g/nm5FgUa//MCj1gV09zTJTaM6KBAHqLN907YVQqf7zC49+DcO4B1so4ZX07Ef10Twr6nuqYEH9GEggFXA4Fmg==",
      "license": "MIT",
      "funding": {
        "url": "https://paulmillr.com/funding/"
      }
    },
    "node_modules/ox/node_modules/@scure/bip32": {
      "version": "1.7.0",
      "resolved": "https://registry.npmjs.org/@scure/bip32/-/bip32-1.7.0.tgz",
      "integrity": "sha512-E4FFX/N3f4B80AKWp5dP6ow+flD1LQZo/w8UnLGYZO674jS6YnYeepycOOksv+vLPSpgN35wgKgy+ybfTb2SMw==",
      "license": "MIT",
      "dependencies": {
        "@noble/curves": "~1.9.0",
        "@noble/hashes": "~1.8.0",
        "@scure/base": "~1.2.5"
      },
      "funding": {
        "url": "https://paulmillr.com/funding/"
      }
    },
    "node_modules/ox/node_modules/@scure/bip39": {
      "version": "1.6.0",
      "resolved": "https://registry.npmjs.org/@scure/bip39/-/bip39-1.6.0.tgz",
      "integrity": "sha512-+lF0BbLiJNwVlev4eKelw1WWLaiKXw7sSl8T6FvBlWkdX+94aGJ4o8XjUdlyhTCjd8c+B3KT3JfS8P0bLRNU6A==",
      "license": "MIT",
      "dependencies": {
        "@noble/hashes": "~1.8.0",
        "@scure/base": "~1.2.5"
      },
      "funding": {
        "url": "https://paulmillr.com/funding/"
      }
    },
    "node_modules/typescript": {
      "version": "5.9.3",
      "resolved": "https://registry.npmjs.org/typescript/-/typescript-5.9.3.tgz",
      "integrity": "sha512-jl1vZzPDinLr9eUt3J/t7V6FgNEw9QjvBPdysz9KfQDD41fQrC2Y4vKQdiaUpFT4bXlb1RHhLpp8wtm6M5TgSw==",
      "devOptional": true,
      "license": "Apache-2.0",
      "peer": true,
      "bin": {
        "tsc": "bin/tsc",
        "tsserver": "bin/tsserver"
      },
      "engines": {
        "node": ">=14.17"
      }
    },
    "node_modules/undici-types": {
      "version": "6.21.0",
      "resolved": "https://registry.npmjs.org/undici-types/-/undici-types-6.21.0.tgz",
      "integrity": "sha512-iwDZqg0QAGrg9Rav5H4n0M64c3mkR59cJ6wQp+7C4nI0gsmExaedaYLNO44eT4AtBBwjbTiGPMlt2Md0T9H9JQ==",
      "dev": true,
      "license": "MIT"
    },
    "node_modules/viem": {
      "version": "2.51.0",
      "resolved": "https://registry.npmjs.org/viem/-/viem-2.51.0.tgz",
      "integrity": "sha512-8C0Ca+eEapXE29vHMUW59NqKENl1X4s9P6xSNC9Nvw6EvAeAhn/LNUlgztk6TOw7KN1Gzz5a/n9Wv4okUfmY9g==",
      "funding": [
        {
          "type": "github",
          "url": "https://github.com/sponsors/wevm"
        }
      ],
      "license": "MIT",
      "peer": true,
      "dependencies": {
        "@noble/curves": "1.9.1",
        "@noble/hashes": "1.8.0",
        "@scure/bip32": "1.7.0",
        "@scure/bip39": "1.6.0",
        "abitype": "1.2.3",
        "isows": "1.0.7",
        "ox": "https://pkg.pr.new/ox@386a3439fe1ce76d237930f8c6e6bb493746069a",
        "ws": "8.20.1"
      },
      "peerDependencies": {
        "typescript": ">=5.0.4"
      },
      "peerDependenciesMeta": {
        "typescript": {
          "optional": true
        }
      }
    },
    "node_modules/viem/node_modules/@noble/curves": {
      "version": "1.9.1",
      "resolved": "https://registry.npmjs.org/@noble/curves/-/curves-1.9.1.tgz",
      "integrity": "sha512-k11yZxZg+t+gWvBbIswW0yoJlu8cHOC7dhunwOzoWH/mXGBiYyR4YY6hAEK/3EUs4UpB8la1RfdRpeGsFHkWsA==",
      "license": "MIT",
      "dependencies": {
        "@noble/hashes": "1.8.0"
      },
      "engines": {
        "node": "^14.21.3 || >=16"
      },
      "funding": {
        "url": "https://paulmillr.com/funding/"
      }
    },
    "node_modules/viem/node_modules/@noble/hashes": {
      "version": "1.8.0",
      "resolved": "https://registry.npmjs.org/@noble/hashes/-/hashes-1.8.0.tgz",
      "integrity": "sha512-jCs9ldd7NwzpgXDIf6P3+NrHh9/sD6CQdxHyjQI+h/6rDNo88ypBxxz45UDuZHz9r3tNz7N/VInSVoVdtXEI4A==",
      "license": "MIT",
      "engines": {
        "node": "^14.21.3 || >=16"
      },
      "funding": {
        "url": "https://paulmillr.com/funding/"
      }
    },
    "node_modules/viem/node_modules/@scure/base": {
      "version": "1.2.6",
      "resolved": "https://registry.npmjs.org/@scure/base/-/base-1.2.6.tgz",
      "integrity": "sha512-g/nm5FgUa//MCj1gV09zTJTaM6KBAHqLN907YVQqf7zC49+DcO4B1so4ZX07Ef10Twr6nuqYEH9GEggFXA4Fmg==",
      "license": "MIT",
      "funding": {
        "url": "https://paulmillr.com/funding/"
      }
    },
    "node_modules/viem/node_modules/@scure/bip32": {
      "version": "1.7.0",
      "resolved": "https://registry.npmjs.org/@scure/bip32/-/bip32-1.7.0.tgz",
      "integrity": "sha512-E4FFX/N3f4B80AKWp5dP6ow+flD1LQZo/w8UnLGYZO674jS6YnYeepycOOksv+vLPSpgN35wgKgy+ybfTb2SMw==",
      "license": "MIT",
      "dependencies": {
        "@noble/curves": "~1.9.0",
        "@noble/hashes": "~1.8.0",
        "@scure/base": "~1.2.5"
      },
      "funding": {
        "url": "https://paulmillr.com/funding/"
      }
    },
    "node_modules/viem/node_modules/@scure/bip39": {
      "version": "1.6.0",
      "resolved": "https://registry.npmjs.org/@scure/bip39/-/bip39-1.6.0.tgz",
      "integrity": "sha512-+lF0BbLiJNwVlev4eKelw1WWLaiKXw7sSl8T6FvBlWkdX+94aGJ4o8XjUdlyhTCjd8c+B3KT3JfS8P0bLRNU6A==",
      "license": "MIT",
      "dependencies": {
        "@noble/hashes": "~1.8.0",
        "@scure/base": "~1.2.5"
      },
      "funding": {
        "url": "https://paulmillr.com/funding/"
      }
    },
    "node_modules/ws": {
      "version": "8.20.1",
      "resolved": "https://registry.npmjs.org/ws/-/ws-8.20.1.tgz",
      "integrity": "sha512-It4dO0K5v//JtTXuPkfEOaI3uUN87iYPnqo/ZzqCoG3g8uhA66QUMs/SrM0YK7/NAu+r4LMh/9dq2A7k+rHs+w==",
      "license": "MIT",
      "peer": true,
      "engines": {
        "node": ">=10.0.0"
      },
      "peerDependencies": {
        "bufferutil": "^4.0.1",
        "utf-8-validate": ">=5.0.2"
      },
      "peerDependenciesMeta": {
        "bufferutil": {
          "optional": true
        },
        "utf-8-validate": {
          "optional": true
        }
      }
    },
    "node_modules/yaml": {
      "version": "2.9.0",
      "resolved": "https://registry.npmjs.org/yaml/-/yaml-2.9.0.tgz",
      "integrity": "sha512-2AvhNX3mb8zd6Zy7INTtSpl1F15HW6Wnqj0srWlkKLcpYl/gMIMJiyuGq2KeI2YFxUPjdlB+3Lc10seMLtL4cA==",
      "license": "ISC",
      "bin": {
        "yaml": "bin.mjs"
      },
      "engines": {
        "node": ">= 14.6"
      },
      "funding": {
        "url": "https://github.com/sponsors/eemeli"
      }
    },
    "node_modules/zod": {
      "version": "4.4.3",
      "resolved": "https://registry.npmjs.org/zod/-/zod-4.4.3.tgz",
      "integrity": "sha512-ytENFjIJFl2UwYglde2jchW2Hwm4GJFLDiSXWdTrJQBIN9Fcyp7n4DhxJEiWNAJMV1/BqWfW/kkg71UDcHJyTQ==",
      "license": "MIT",
      "peer": true,
      "funding": {
        "url": "https://github.com/sponsors/colinhacks"
      }
    }
  }
}
